
Microsoft Visual Studio Solution File, Format Version 12.00
# Visual Studio Version 16
VisualStudioVersion = 16.0.31727.386
MinimumVisualStudioVersion = 10.0.40219.1
Project("{FAE04EC0-301F-11D3-BF4B-00C04F79EFBC}") = "VerificaVersaoDlls", "VerificaVersaoDlls\VerificaVersaoDlls.csproj", "{AACFC73A-D287-4DCF-956F-1B88D9926F91}"
EndProject
Global
	GlobalSection(SolutionConfigurationPlatforms) = preSolution
		Debug|Any CPU = Debug|Any CPU
		Release|Any CPU = Release|Any CPU
	EndGlobalSection
	GlobalSection(ProjectConfigurationPlatforms) = postSolution
		{AACFC73A-D287-4DCF-956F-1B88D9926F91}.Debug|Any CPU.ActiveCfg = Debug|Any CPU
		{AACFC73A-D287-4DCF-956F-1B88D9926F91}.Debug|Any CPU.Build.0 = Debug|Any CPU
		{AACFC73A-D287-4DCF-956F-1B88D9926F91}.Release|Any CPU.ActiveCfg = Release|Any CPU
		{AACFC73A-D287-4DCF-956F-1B88D9926F91}.Release|Any CPU.Build.0 = Release|Any CPU
	EndGlobalSection
	GlobalSection(SolutionProperties) = preSolution
		HideSolutionNode = FALSE
	EndGlobalSection
	GlobalSection(ExtensibilityGlobals) = postSolution
		SolutionGuid = {69D1AC7F-F8BE-4915-BFEE-ACBF34D607A9}
	EndGlobalSection
EndGlobal
